
Microsoft Visual Studio Solution File, Format Version 12.00
# Visual Studio Version 17
VisualStudioVersion = 17.3.32922.545
MinimumVisualStudioVersion = 10.0.40219.1
Project("{FAE04EC0-301F-11D3-BF4B-00C04F79EFBC}") = "RPGinDotNet", "RPGinDotNet\RPGinDotNet.csproj", "{EA3F2BB2-7DC2-4D84-8C59-A68E03A301B6}"
EndProject
Global
	GlobalSection(SolutionConfigurationPlatforms) = preSolution
		Debug|Any CPU = Debug|Any CPU
		Release|Any CPU = Release|Any CPU
	EndGlobalSection
	GlobalSection(ProjectConfigurationPlatforms) = postSolution
		{EA3F2BB2-7DC2-4D84-8C59-A68E03A301B6}.Debug|Any CPU.ActiveCfg = Debug|Any CPU
		{EA3F2BB2-7DC2-4D84-8C59-A68E03A301B6}.Debug|Any CPU.Build.0 = Debug|Any CPU
		{EA3F2BB2-7DC2-4D84-8C59-A68E03A301B6}.Release|Any CPU.ActiveCfg = Release|Any CPU
		{EA3F2BB2-7DC2-4D84-8C59-A68E03A301B6}.Release|Any CPU.Build.0 = Release|Any CPU
	EndGlobalSection
	GlobalSection(SolutionProperties) = preSolution
		HideSolutionNode = FALSE
	EndGlobalSection
	GlobalSection(ExtensibilityGlobals) = postSolution
		SolutionGuid = {39144829-3984-498A-B97A-4B4B61E7BE9C}
	EndGlobalSection
EndGlobal
